{
  "name": "oxigraph-metaharness-qualification",
  "version": "0.1.0",
  "lockfileVersion": 3,
  "requires": true,
  "packages": {
    "": {
      "name": "oxigraph-metaharness-qualification",
      "version": "0.1.0",
      "dependencies": {
        "@metaharness/darwin": "latest"
      },
      "engines": {
        "node": ">=20"
      }
    },
    "node_modules/@metaharness/darwin": {
      "version": "0.9.3",
      "resolved": "https://registry.npmjs.org/@metaharness/darwin/-/darwin-0.9.3.tgz",
      "integrity": "sha512-V+AhQvj9ijR8OK9TvogSngtz47q8pHPjMm1mWMoDUk1JaRKz88oJu/sPUQ5BApCIgeSWEKo/bzrFSV4Krb/3Fg==",
      "license": "MIT",
      "bin": {
        "metaharness-darwin": "dist/cli.js"
      },
      "engines": {
        "node": ">=20.0.0"
      }
    }
  }
}
