{
  "name": "oxigraph-metaharness-qualification",
  "version": "0.1.0",
  "lockfileVersion": 3,
  "requires": true,
  "packages": {
    "": {
      "name": "oxigraph-metaharness-qualification",
      "version": "0.1.0",
      "dependencies": {
        "@metaharness/darwin": "0.8.0"
      },
      "engines": {
        "node": ">=20"
      }
    },
    "node_modules/@metaharness/darwin": {
      "version": "0.8.0",
      "resolved": "https://registry.npmjs.org/@metaharness/darwin/-/darwin-0.8.0.tgz",
      "integrity": "sha512-Pgefr/es0Btofh7GxQrOAg/i43ZKcLUfeD9rndOAkpA8s3ZYohSmfLerJLNsGOOKc2eTvmmauljl8QEVmKC2dw==",
      "bin": {
        "metaharness-darwin": "dist/cli.js"
      },
      "engines": {
        "node": ">=20.0.0"
      }
    }
  }
}
